
Microsoft Visual Studio Solution File, Format Version 12.00
# Visual Studio Version 16
VisualStudioVersion = 16.0.30517.126
MinimumVisualStudioVersion = 10.0.40219.1
Project("{FAE04EC0-301F-11D3-BF4B-00C04F79EFBC}") = "IVS_calc", "IVS_calc\IVS_calc.csproj", "{824A89A6-6DCD-4351-B12B-F75C6272000F}"
EndProject
Project("{FAE04EC0-301F-11D3-BF4B-00C04F79EFBC}") = "Math_Tests", "Math_Operations_Tests\Math_Tests.csproj", "{3CCE5D80-B711-4A01-A252-9C6FE9B147AE}"
EndProject
Global
	GlobalSection(SolutionConfigurationPlatforms) = preSolution
		Debug|Any CPU = Debug|Any CPU
		Release|Any CPU = Release|Any CPU
	EndGlobalSection
	GlobalSection(ProjectConfigurationPlatforms) = postSolution
		{824A89A6-6DCD-4351-B12B-F75C6272000F}.Debug|Any CPU.ActiveCfg = Debug|Any CPU
		{824A89A6-6DCD-4351-B12B-F75C6272000F}.Debug|Any CPU.Build.0 = Debug|Any CPU
		{824A89A6-6DCD-4351-B12B-F75C6272000F}.Release|Any CPU.ActiveCfg = Release|Any CPU
		{824A89A6-6DCD-4351-B12B-F75C6272000F}.Release|Any CPU.Build.0 = Release|Any CPU
		{3CCE5D80-B711-4A01-A252-9C6FE9B147AE}.Debug|Any CPU.ActiveCfg = Debug|Any CPU
		{3CCE5D80-B711-4A01-A252-9C6FE9B147AE}.Debug|Any CPU.Build.0 = Debug|Any CPU
		{3CCE5D80-B711-4A01-A252-9C6FE9B147AE}.Release|Any CPU.ActiveCfg = Release|Any CPU
		{3CCE5D80-B711-4A01-A252-9C6FE9B147AE}.Release|Any CPU.Build.0 = Release|Any CPU
	EndGlobalSection
	GlobalSection(SolutionProperties) = preSolution
		HideSolutionNode = FALSE
	EndGlobalSection
	GlobalSection(ExtensibilityGlobals) = postSolution
		SolutionGuid = {CF7C10D1-12BD-42FB-A36A-E29DB0996F0B}
	EndGlobalSection
EndGlobal
